{
  "nodes": {
    "nixpkgs": {
      "locked": {
        "lastModified": 1785975029,
        "narHash": "sha256-X44cn5rzytELc3NNoQsh0aLkjWA/QzPfc6HPQmsG3sU=",
        "owner": "NixOS",
        "repo": "nixpkgs",
        "rev": "70ce234312134a463ba7728e94da2486a1d237ac",
        "type": "github"
      },
      "original": {
        "owner": "NixOS",
        "ref": "nixpkgs-unstable",
        "repo": "nixpkgs",
        "type": "github"
      }
    },
    "root": {
      "inputs": {
        "nixpkgs": "nixpkgs",
        "shorin-niri": "shorin-niri"
      }
    },
    "shorin-niri": {
      "flake": false,
      "locked": {
        "lastModified": 1786195443,
        "narHash": "sha256-ZV0xzmhLnYZEQVuUiaNBIwYMsIwXb1UmlcCnYB/ff30=",
        "owner": "SHORiN-KiWATA",
        "repo": "niri",
        "rev": "c5c381736049c5f2d3ed5b5dd79eef08ea5ce039",
        "type": "github"
      },
      "original": {
        "owner": "SHORiN-KiWATA",
        "repo": "niri",
        "type": "github"
      }
    }
  },
  "root": "root",
  "version": 7
}
